// !$*UTF8*$!
{
	archiveVersion = 1;
	classes = {
	};
	objectVersion = 56;
	objects = {

/* Begin PBXBuildFile section */
		DD3119032940CAD900AC4315 /* LogInViewController.swift in Sources */ = {isa = PBXBuildFile; fileRef = DD3119022940CAD900AC4315 /* LogInViewController.swift */; };
		DD9FAEDD292F8B0F004ECA25 /* FeedViewController.swift in Sources */ = {isa = PBXBuildFile; fileRef = DD9FAEDC292F8B0F004ECA25 /* FeedViewController.swift */; };
		DD9FAEE1292F930F004ECA25 /* PostViewController.swift in Sources */ = {isa = PBXBuildFile; fileRef = DD9FAEE0292F930F004ECA25 /* PostViewController.swift */; };
		DD9FAEE3292FFBA3004ECA25 /* Post.swift in Sources */ = {isa = PBXBuildFile; fileRef = DD9FAEE2292FFBA3004ECA25 /* Post.swift */; };
		DD9FAEE529300600004ECA25 /* InfoViewController.swift in Sources */ = {isa = PBXBuildFile; fileRef = DD9FAEE429300600004ECA25 /* InfoViewController.swift */; };
		DDB4CD76292CB1930064EDDF /* AppDelegate.swift in Sources */ = {isa = PBXBuildFile; fileRef = DDB4CD75292CB1930064EDDF /* AppDelegate.swift */; };
		DDB4CD78292CB1930064EDDF /* SceneDelegate.swift in Sources */ = {isa = PBXBuildFile; fileRef = DDB4CD77292CB1930064EDDF /* SceneDelegate.swift */; };
		DDB4CD7A292CB1930064EDDF /* ViewController.swift in Sources */ = {isa = PBXBuildFile; fileRef = DDB4CD79292CB1930064EDDF /* ViewController.swift */; };
		DDB4CD7F292CB1940064EDDF /* Assets.xcassets in Resources */ = {isa = PBXBuildFile; fileRef = DDB4CD7E292CB1940064EDDF /* Assets.xcassets */; };
		DDB4CD82292CB1940064EDDF /* LaunchScreen.storyboard in Resources */ = {isa = PBXBuildFile; fileRef = DDB4CD80292CB1940064EDDF /* LaunchScreen.storyboard */; };
		DDCD9B95293886210010CA3E /* ProfileHeaderView.swift in Sources */ = {isa = PBXBuildFile; fileRef = DDCD9B94293886210010CA3E /* ProfileHeaderView.swift */; };
		DDCD9B97293886630010CA3E /* ProfileViewController.swift in Sources */ = {isa = PBXBuildFile; fileRef = DDCD9B96293886630010CA3E /* ProfileViewController.swift */; };
/* End PBXBuildFile section */

/* Begin PBXFileReference section */
		DD3119022940CAD900AC4315 /* LogInViewController.swift */ = {isa = PBXFileReference; lastKnownFileType = sourcecode.swift; path = LogInViewController.swift; sourceTree = "<group>"; };
		DD9FAEDC292F8B0F004ECA25 /* FeedViewController.swift */ = {isa = PBXFileReference; lastKnownFileType = sourcecode.swift; path = FeedViewController.swift; sourceTree = "<group>"; };
		DD9FAEE0292F930F004ECA25 /* PostViewController.swift */ = {isa = PBXFileReference; lastKnownFileType = sourcecode.swift; path = PostViewController.swift; sourceTree = "<group>"; };
		DD9FAEE2292FFBA3004ECA25 /* Post.swift */ = {isa = PBXFileReference; lastKnownFileType = sourcecode.swift; path = Post.swift; sourceTree = "<group>"; };
		DD9FAEE429300600004ECA25 /* InfoViewController.swift */ = {isa = PBXFileReference; lastKnownFileType = sourcecode.swift; path = InfoViewController.swift; sourceTree = "<group>"; };
		DDB4CD72292CB1930064EDDF /* Navigation.app */ = {isa = PBXFileReference; explicitFileType = wrapper.application; includeInIndex = 0; path = Navigation.app; sourceTree = BUILT_PRODUCTS_DIR; };
		DDB4CD75292CB1930064EDDF /* AppDelegate.swift */ = {isa = PBXFileReference; lastKnownFileType = sourcecode.swift; path = AppDelegate.swift; sourceTree = "<group>"; };
		DDB4CD77292CB1930064EDDF /* SceneDelegate.swift */ = {isa = PBXFileReference; lastKnownFileType = sourcecode.swift; path = SceneDelegate.swift; sourceTree = "<group>"; };
		DDB4CD79292CB1930064EDDF /* ViewController.swift */ = {isa = PBXFileReference; lastKnownFileType = sourcecode.swift; path = ViewController.swift; sourceTree = "<group>"; };
		DDB4CD7E292CB1940064EDDF /* Assets.xcassets */ = {isa = PBXFileReference; lastKnownFileType = folder.assetcatalog; path = Assets.xcassets; sourceTree = "<group>"; };
		DDB4CD81292CB1940064EDDF /* Base */ = {isa = PBXFileReference; lastKnownFileType = file.storyboard; name = Base; path = Base.lproj/LaunchScreen.storyboard; sourceTree = "<group>"; };
		DDB4CD83292CB1940064EDDF /* Info.plist */ = {isa = PBXFileReference; lastKnownFileType = text.plist.xml; path = Info.plist; sourceTree = "<group>"; };
		DDCD9B94293886210010CA3E /* ProfileHeaderView.swift */ = {isa = PBXFileReference; lastKnownFileType = sourcecode.swift; path = ProfileHeaderView.swift; sourceTree = "<group>"; };
		DDCD9B96293886630010CA3E /* ProfileViewController.swift */ = {isa = PBXFileReference; lastKnownFileType = sourcecode.swift; path = ProfileViewController.swift; sourceTree = "<group>"; };
/* End PBXFileReference section */

/* Begin PBXFrameworksBuildPhase section */
		DDB4CD6F292CB1930064EDDF /* Frameworks */ = {
			isa = PBXFrameworksBuildPhase;
			buildActionMask = 2147483647;
			files = (
			);
			runOnlyForDeploymentPostprocessing = 0;
		};
/* End PBXFrameworksBuildPhase section */

/* Begin PBXGroup section */
		DDB4CD69292CB1930064EDDF = {
			isa = PBXGroup;
			children = (
				DDCD9B93293885E30010CA3E /* Profile */,
				DDB4CD74292CB1930064EDDF /* Navigation */,
				DDB4CD73292CB1930064EDDF /* Products */,
			);
			sourceTree = "<group>";
		};
		DDB4CD73292CB1930064EDDF /* Products */ = {
			isa = PBXGroup;
			children = (
				DDB4CD72292CB1930064EDDF /* Navigation.app */,
			);
			name = Products;
			sourceTree = "<group>";
		};
		DDB4CD74292CB1930064EDDF /* Navigation */ = {
			isa = PBXGroup;
			children = (
				DDB4CD75292CB1930064EDDF /* AppDelegate.swift */,
				DDB4CD77292CB1930064EDDF /* SceneDelegate.swift */,
				DDB4CD79292CB1930064EDDF /* ViewController.swift */,
				DD9FAEDC292F8B0F004ECA25 /* FeedViewController.swift */,
				DD9FAEE0292F930F004ECA25 /* PostViewController.swift */,
				DD9FAEE429300600004ECA25 /* InfoViewController.swift */,
				DD9FAEE2292FFBA3004ECA25 /* Post.swift */,
				DDB4CD7E292CB1940064EDDF /* Assets.xcassets */,
				DDB4CD80292CB1940064EDDF /* LaunchScreen.storyboard */,
				DDB4CD83292CB1940064EDDF /* Info.plist */,
			);
			path = Navigation;
			sourceTree = "<group>";
		};
		DDCD9B93293885E30010CA3E /* Profile */ = {
			isa = PBXGroup;
			children = (
				DDCD9B96293886630010CA3E /* ProfileViewController.swift */,
				DDCD9B94293886210010CA3E /* ProfileHeaderView.swift */,
				DD3119022940CAD900AC4315 /* LogInViewController.swift */,
			);
			path = Profile;
			sourceTree = "<group>";
		};
/* End PBXGroup section */

/* Begin PBXNativeTarget section */
		DDB4CD71292CB1930064EDDF /* Navigation */ = {
			isa = PBXNativeTarget;
			buildConfigurationList = DDB4CD86292CB1940064EDDF /* Build configuration list for PBXNativeTarget "Navigation" */;
			buildPhases = (
				DDB4CD6E292CB1930064EDDF /* Sources */,
				DDB4CD6F292CB1930064EDDF /* Frameworks */,
				DDB4CD70292CB1930064EDDF /* Resources */,
			);
			buildRules = (
			);
			dependencies = (
			);
			name = Navigation;
			productName = Navigation;
			productReference = DDB4CD72292CB1930064EDDF /* Navigation.app */;
			productType = "com.apple.product-type.application";
		};
/* End PBXNativeTarget section */

/* Begin PBXProject section */
		DDB4CD6A292CB1930064EDDF /* Project object */ = {
			isa = PBXProject;
			attributes = {
				BuildIndependentTargetsInParallel = 1;
				LastSwiftUpdateCheck = 1410;
				LastUpgradeCheck = 1410;
				TargetAttributes = {
					DDB4CD71292CB1930064EDDF = {
						CreatedOnToolsVersion = 14.1;
					};
				};
			};
			buildConfigurationList = DDB4CD6D292CB1930064EDDF /* Build configuration list for PBXProject "Navigation" */;
			compatibilityVersion = "Xcode 14.0";
			developmentRegion = en;
			hasScannedForEncodings = 0;
			knownRegions = (
				en,
				Base,
			);
			mainGroup = DDB4CD69292CB1930064EDDF;
			productRefGroup = DDB4CD73292CB1930064EDDF /* Products */;
			projectDirPath = "";
			projectRoot = "";
			targets = (
				DDB4CD71292CB1930064EDDF /* Navigation */,
			);
		};
/* End PBXProject section */

/* Begin PBXResourcesBuildPhase section */
		DDB4CD70292CB1930064EDDF /* Resources */ = {
			isa = PBXResourcesBuildPhase;
			buildActionMask = 2147483647;
			files = (
				DDB4CD82292CB1940064EDDF /* LaunchScreen.storyboard in Resources */,
				DDB4CD7F292CB1940064EDDF /* Assets.xcassets in Resources */,
			);
			runOnlyForDeploymentPostprocessing = 0;
		};
/* End PBXResourcesBuildPhase section */

/* Begin PBXSourcesBuildPhase section */
		DDB4CD6E292CB1930064EDDF /* Sources */ = {
			isa = PBXSourcesBuildPhase;
			buildActionMask = 2147483647;
			files = (
				DD9FAEE1292F930F004ECA25 /* PostViewController.swift in Sources */,
				DDCD9B97293886630010CA3E /* ProfileViewController.swift in Sources */,
				DDB4CD7A292CB1930064EDDF /* ViewController.swift in Sources */,
				DD9FAEDD292F8B0F004ECA25 /* FeedViewController.swift in Sources */,
				DDCD9B95293886210010CA3E /* ProfileHeaderView.swift in Sources */,
				DDB4CD76292CB1930064EDDF /* AppDelegate.swift in Sources */,
				DD9FAEE3292FFBA3004ECA25 /* Post.swift in Sources */,
				DD9FAEE529300600004ECA25 /* InfoViewController.swift in Sources */,
				DD3119032940CAD900AC4315 /* LogInViewController.swift in Sources */,
				DDB4CD78292CB1930064EDDF /* SceneDelegate.swift in Sources */,
			);
			runOnlyForDeploymentPostprocessing = 0;
		};
/* End PBXSourcesBuildPhase section */

/* Begin PBXVariantGroup section */
		DDB4CD80292CB1940064EDDF /* LaunchScreen.storyboard */ = {
			isa = PBXVariantGroup;
			children = (
				DDB4CD81292CB1940064EDDF /* Base */,
			);
			name = LaunchScreen.storyboard;
			sourceTree = "<group>";
		};
/* End PBXVariantGroup section */

/* Begin XCBuildConfiguration section */
		DDB4CD84292CB1940064EDDF /* Debug */ = {
			isa = XCBuildConfiguration;
			buildSettings = {
				ALWAYS_SEARCH_USER_PATHS = NO;
				CLANG_ANALYZER_NONNULL = YES;
				CLANG_ANALYZER_NUMBER_OBJECT_CONVERSION = YES_AGGRESSIVE;
				CLANG_CXX_LANGUAGE_STANDARD = "gnu++20";
				CLANG_ENABLE_MODULES = YES;
				CLANG_ENABLE_OBJC_ARC = YES;
				CLANG_ENABLE_OBJC_WEAK = YES;
				CLANG_WARN_BLOCK_CAPTURE_AUTORELEASING = YES;
				CLANG_WARN_BOOL_CONVERSION = YES;
				CLANG_WARN_COMMA = YES;
				CLANG_WARN_CONSTANT_CONVERSION = YES;
				CLANG_WARN_DEPRECATED_OBJC_IMPLEMENTATIONS = YES;
				CLANG_WARN_DIRECT_OBJC_ISA_USAGE = YES_ERROR;
				CLANG_WARN_DOCUMENTATION_COMMENTS = YES;
				CLANG_WARN_EMPTY_BODY = YES;
				CLANG_WARN_ENUM_CONVERSION = YES;
				CLANG_WARN_INFINITE_RECURSION = YES;
				CLANG_WARN_INT_CONVERSION = YES;
				CLANG_WARN_NON_LITERAL_NULL_CONVERSION = YES;
				CLANG_WARN_OBJC_IMPLICIT_RETAIN_SELF = YES;
				CLANG_WARN_OBJC_LITERAL_CONVERSION = YES;
				CLANG_WARN_OBJC_ROOT_CLASS = YES_ERROR;
				CLANG_WARN_QUOTED_INCLUDE_IN_FRAMEWORK_HEADER = YES;
				CLANG_WARN_RANGE_LOOP_ANALYSIS = YES;
				CLANG_WARN_STRICT_PROTOTYPES = YES;
				CLANG_WARN_SUSPICIOUS_MOVE = YES;
				CLANG_WARN_UNGUARDED_AVAILABILITY = YES_AGGRESSIVE;
				CLANG_WARN_UNREACHABLE_CODE = YES;
				CLANG_WARN__DUPLICATE_METHOD_MATCH = YES;
				COPY_PHASE_STRIP = NO;
				DEBUG_INFORMATION_FORMAT = dwarf;
				ENABLE_STRICT_OBJC_MSGSEND = YES;
				ENABLE_TESTABILITY = YES;
				GCC_C_LANGUAGE_STANDARD = gnu11;
				GCC_DYNAMIC_NO_PIC = NO;
				GCC_NO_COMMON_BLOCKS = YES;
				GCC_OPTIMIZATION_LEVEL = 0;
				GCC_PREPROCESSOR_DEFINITIONS = (
					"DEBUG=1",
					"$(inherited)",
				);
				GCC_WARN_64_TO_32_BIT_CONVERSION = YES;
				GCC_WARN_ABOUT_RETURN_TYPE = YES_ERROR;
				GCC_WARN_UNDECLARED_SELECTOR = YES;
				GCC_WARN_UNINITIALIZED_AUTOS = YES_AGGRESSIVE;
				GCC_WARN_UNUSED_FUNCTION = YES;
				GCC_WARN_UNUSED_VARIABLE = YES;
				IPHONEOS_DEPLOYMENT_TARGET = 16.1;
				MTL_ENABLE_DEBUG_INFO = INCLUDE_SOURCE;
				MTL_FAST_MATH = YES;
				ONLY_ACTIVE_ARCH = YES;
				SDKROOT = iphoneos;
				SWIFT_ACTIVE_COMPILATION_CONDITIONS = DEBUG;
				SWIFT_OPTIMIZATION_LEVEL = "-Onone";
			};
			name = Debug;
		};
		DDB4CD85292CB1940064EDDF /* Release */ = {
			isa = XCBuildConfiguration;
			buildSettings = {
				ALWAYS_SEARCH_USER_PATHS = NO;
				CLANG_ANALYZER_NONNULL = YES;
				CLANG_ANALYZER_NUMBER_OBJECT_CONVERSION = YES_AGGRESSIVE;
				CLANG_CXX_LANGUAGE_STANDARD = "gnu++20";
				CLANG_ENABLE_MODULES = YES;
				CLANG_ENABLE_OBJC_ARC = YES;
				CLANG_ENABLE_OBJC_WEAK = YES;
				CLANG_WARN_BLOCK_CAPTURE_AUTORELEASING = YES;
				CLANG_WARN_BOOL_CONVERSION = YES;
				CLANG_WARN_COMMA = YES;
				CLANG_WARN_CONSTANT_CONVERSION = YES;
				CLANG_WARN_DEPRECATED_OBJC_IMPLEMENTATIONS = YES;
				CLANG_WARN_DIRECT_OBJC_ISA_USAGE = YES_ERROR;
				CLANG_WARN_DOCUMENTATION_COMMENTS = YES;
				CLANG_WARN_EMPTY_BODY = YES;
				CLANG_WARN_ENUM_CONVERSION = YES;
				CLANG_WARN_INFINITE_RECURSION = YES;
				CLANG_WARN_INT_CONVERSION = YES;
				CLANG_WARN_NON_LITERAL_NULL_CONVERSION = YES;
				CLANG_WARN_OBJC_IMPLICIT_RETAIN_SELF = YES;
				CLANG_WARN_OBJC_LITERAL_CONVERSION = YES;
				CLANG_WARN_OBJC_ROOT_CLASS = YES_ERROR;
				CLANG_WARN_QUOTED_INCLUDE_IN_FRAMEWORK_HEADER = YES;
				CLANG_WARN_RANGE_LOOP_ANALYSIS = YES;
				CLANG_WARN_STRICT_PROTOTYPES = YES;
				CLANG_WARN_SUSPICIOUS_MOVE = YES;
				CLANG_WARN_UNGUARDED_AVAILABILITY = YES_AGGRESSIVE;
				CLANG_WARN_UNREACHABLE_CODE = YES;
				CLANG_WARN__DUPLICATE_METHOD_MATCH = YES;
				COPY_PHASE_STRIP = NO;
				DEBUG_INFORMATION_FORMAT = "dwarf-with-dsym";
				ENABLE_NS_ASSERTIONS = NO;
				ENABLE_STRICT_OBJC_MSGSEND = YES;
				GCC_C_LANGUAGE_STANDARD = gnu11;
				GCC_NO_COMMON_BLOCKS = YES;
				GCC_WARN_64_TO_32_BIT_CONVERSION = YES;
				GCC_WARN_ABOUT_RETURN_TYPE = YES_ERROR;
				GCC_WARN_UNDECLARED_SELECTOR = YES;
				GCC_WARN_UNINITIALIZED_AUTOS = YES_AGGRESSIVE;
				GCC_WARN_UNUSED_FUNCTION = YES;
				GCC_WARN_UNUSED_VARIABLE = YES;
				IPHONEOS_DEPLOYMENT_TARGET = 16.1;
				MTL_ENABLE_DEBUG_INFO = NO;
				MTL_FAST_MATH = YES;
				SDKROOT = iphoneos;
				SWIFT_COMPILATION_MODE = wholemodule;
				SWIFT_OPTIMIZATION_LEVEL = "-O";
				VALIDATE_PRODUCT = YES;
			};
			name = Release;
		};
		DDB4CD87292CB1940064EDDF /* Debug */ = {
			isa = XCBuildConfiguration;
			buildSettings = {
				ASSETCATALOG_COMPILER_APPICON_NAME = AppIcon;
				ASSETCATALOG_COMPILER_GLOBAL_ACCENT_COLOR_NAME = AccentColor;
				CODE_SIGN_STYLE = Automatic;
				CURRENT_PROJECT_VERSION = 1;
				DEVELOPMENT_TEAM = 62VLSN5H88;
				GENERATE_INFOPLIST_FILE = YES;
				INFOPLIST_FILE = Navigation/Info.plist;
				INFOPLIST_KEY_UIApplicationSupportsIndirectInputEvents = YES;
				INFOPLIST_KEY_UILaunchStoryboardName = LaunchScreen;
				INFOPLIST_KEY_UIMainStoryboardFile = "";
				INFOPLIST_KEY_UISupportedInterfaceOrientations_iPad = "UIInterfaceOrientationPortrait UIInterfaceOrientationPortraitUpsideDown UIInterfaceOrientationLandscapeLeft UIInterfaceOrientationLandscapeRight";
				INFOPLIST_KEY_UISupportedInterfaceOrientations_iPhone = "UIInterfaceOrientationPortrait UIInterfaceOrientationLandscapeLeft UIInterfaceOrientationLandscapeRight";
				LD_RUNPATH_SEARCH_PATHS = (
					"$(inherited)",
					"@executable_path/Frameworks",
				);
				MARKETING_VERSION = 1.0;
				PRODUCT_BUNDLE_IDENTIFIER = deshab.Navigation;
				PRODUCT_NAME = "$(TARGET_NAME)";
				SWIFT_EMIT_LOC_STRINGS = YES;
				SWIFT_VERSION = 5.0;
				TARGETED_DEVICE_FAMILY = "1,2";
			};
			name = Debug;
		};
		DDB4CD88292CB1940064EDDF /* Release */ = {
			isa = XCBuildConfiguration;
			buildSettings = {
				ASSETCATALOG_COMPILER_APPICON_NAME = AppIcon;
				ASSETCATALOG_COMPILER_GLOBAL_ACCENT_COLOR_NAME = AccentColor;
				CODE_SIGN_STYLE = Automatic;
				CURRENT_PROJECT_VERSION = 1;
				DEVELOPMENT_TEAM = 62VLSN5H88;
				GENERATE_INFOPLIST_FILE = YES;
				INFOPLIST_FILE = Navigation/Info.plist;
				INFOPLIST_KEY_UIApplicationSupportsIndirectInputEvents = YES;
				INFOPLIST_KEY_UILaunchStoryboardName = LaunchScreen;
				INFOPLIST_KEY_UIMainStoryboardFile = "";
				INFOPLIST_KEY_UISupportedInterfaceOrientations_iPad = "UIInterfaceOrientationPortrait UIInterfaceOrientationPortraitUpsideDown UIInterfaceOrientationLandscapeLeft UIInterfaceOrientationLandscapeRight";
				INFOPLIST_KEY_UISupportedInterfaceOrientations_iPhone = "UIInterfaceOrientationPortrait UIInterfaceOrientationLandscapeLeft UIInterfaceOrientationLandscapeRight";
				LD_RUNPATH_SEARCH_PATHS = (
					"$(inherited)",
					"@executable_path/Frameworks",
				);
				MARKETING_VERSION = 1.0;
				PRODUCT_BUNDLE_IDENTIFIER = deshab.Navigation;
				PRODUCT_NAME = "$(TARGET_NAME)";
				SWIFT_EMIT_LOC_STRINGS = YES;
				SWIFT_VERSION = 5.0;
				TARGETED_DEVICE_FAMILY = "1,2";
			};
			name = Release;
		};
/* End XCBuildConfiguration section */

/* Begin XCConfigurationList section */
		DDB4CD6D292CB1930064EDDF /* Build configuration list for PBXProject "Navigation" */ = {
			isa = XCConfigurationList;
			buildConfigurations = (
				DDB4CD84292CB1940064EDDF /* Debug */,
				DDB4CD85292CB1940064EDDF /* Release */,
			);
			defaultConfigurationIsVisible = 0;
			defaultConfigurationName = Release;
		};
		DDB4CD86292CB1940064EDDF /* Build configuration list for PBXNativeTarget "Navigation" */ = {
			isa = XCConfigurationList;
			buildConfigurations = (
				DDB4CD87292CB1940064EDDF /* Debug */,
				DDB4CD88292CB1940064EDDF /* Release */,
			);
			defaultConfigurationIsVisible = 0;
			defaultConfigurationName = Release;
		};
/* End XCConfigurationList section */
	};
	rootObject = DDB4CD6A292CB1930064EDDF /* Project object */;
}
